
Microsoft Visual Studio Solution File, Format Version 12.00
# Visual Studio Version 16
VisualStudioVersion = 16.0.30114.105
MinimumVisualStudioVersion = 10.0.40219.1
Project("{FAE04EC0-301F-11D3-BF4B-00C04F79EFBC}") = "DotNetCMS.Domain", "DotNetCMS.Domain\DotNetCMS.Domain.csproj", "{91F6404F-E93E-4141-8DCC-BD6071154236}"
EndProject
Project("{FAE04EC0-301F-11D3-BF4B-00C04F79EFBC}") = "DotNetCMS.Domain.Tests", "DotNetCMS.Domain.Tests\DotNetCMS.Domain.Tests.csproj", "{0006E64F-6987-44E6-845C-ED3977913AF9}"
EndProject
Project("{FAE04EC0-301F-11D3-BF4B-00C04F79EFBC}") = "DotNetCMS.Persistence.EntityFrameworkCore", "DotNetCMS.Persistence.EntityFrameworkCore\DotNetCMS.Persistence.EntityFrameworkCore.csproj", "{9CC56F9C-3CBB-478E-A9CA-79C6F059DD32}"
EndProject
Project("{FAE04EC0-301F-11D3-BF4B-00C04F79EFBC}") = "DotNetCMS.Persistence.Tests", "DotNetCMS.Persistence.Tests\DotNetCMS.Persistence.Tests.csproj", "{97F2ABFD-3D85-448E-8653-E87A782EBF7B}"
EndProject
Project("{FAE04EC0-301F-11D3-BF4B-00C04F79EFBC}") = "DotNetCMS.Rest", "DotNetCMS.Rest\DotNetCMS.Rest.csproj", "{AB8A199D-8D9A-46E6-B7CF-DF42DBF7B347}"
EndProject
Project("{FAE04EC0-301F-11D3-BF4B-00C04F79EFBC}") = "DotNetCMS.Application", "DotNetCMS.Application\DotNetCMS.Application.csproj", "{4932E2ED-374B-4A7E-B195-2D89793EDF01}"
EndProject
Project("{FAE04EC0-301F-11D3-BF4B-00C04F79EFBC}") = "DotNetCMS.Persistence.Memory", "DotNetCMS.Persistence.Memory\DotNetCMS.Persistence.Memory.csproj", "{531A859C-3802-4950-91DB-181036464C38}"
EndProject
Project("{FAE04EC0-301F-11D3-BF4B-00C04F79EFBC}") = "DotNetCMS.Application.Tests", "DotNetCMS.Application.Tests\DotNetCMS.Application.Tests.csproj", "{A9FFA851-074E-4B11-BC23-D74085DDA4F7}"
EndProject
Project("{FAE04EC0-301F-11D3-BF4B-00C04F79EFBC}") = "DotNetCMS.Rest.Tests", "DotNetCMS.Rest.Tests\DotNetCMS.Rest.Tests.csproj", "{629B5151-9936-4738-84E6-496FB5CB7542}"
EndProject
Project("{FAE04EC0-301F-11D3-BF4B-00C04F79EFBC}") = "DotNetCMS.Persistence.EntityFrameworkCore.AspNetCore", "DotNetCMS.Persistence.EntityFrameworkCore.AspNetCore\DotNetCMS.Persistence.EntityFrameworkCore.AspNetCore.csproj", "{91770899-F121-404C-B69C-B1CD59044D5F}"
EndProject
Global
	GlobalSection(SolutionConfigurationPlatforms) = preSolution
		Debug|Any CPU = Debug|Any CPU
		Debug|x64 = Debug|x64
		Debug|x86 = Debug|x86
		Release|Any CPU = Release|Any CPU
		Release|x64 = Release|x64
		Release|x86 = Release|x86
	EndGlobalSection
	GlobalSection(SolutionProperties) = preSolution
		HideSolutionNode = FALSE
	EndGlobalSection
	GlobalSection(ProjectConfigurationPlatforms) = postSolution
		{91F6404F-E93E-4141-8DCC-BD6071154236}.Debug|Any CPU.ActiveCfg = Debug|Any CPU
		{91F6404F-E93E-4141-8DCC-BD6071154236}.Debug|Any CPU.Build.0 = Debug|Any CPU
		{91F6404F-E93E-4141-8DCC-BD6071154236}.Debug|x64.ActiveCfg = Debug|Any CPU
		{91F6404F-E93E-4141-8DCC-BD6071154236}.Debug|x64.Build.0 = Debug|Any CPU
		{91F6404F-E93E-4141-8DCC-BD6071154236}.Debug|x86.ActiveCfg = Debug|Any CPU
		{91F6404F-E93E-4141-8DCC-BD6071154236}.Debug|x86.Build.0 = Debug|Any CPU
		{91F6404F-E93E-4141-8DCC-BD6071154236}.Release|Any CPU.ActiveCfg = Release|Any CPU
		{91F6404F-E93E-4141-8DCC-BD6071154236}.Release|Any CPU.Build.0 = Release|Any CPU
		{91F6404F-E93E-4141-8DCC-BD6071154236}.Release|x64.ActiveCfg = Release|Any CPU
		{91F6404F-E93E-4141-8DCC-BD6071154236}.Release|x64.Build.0 = Release|Any CPU
		{91F6404F-E93E-4141-8DCC-BD6071154236}.Release|x86.ActiveCfg = Release|Any CPU
		{91F6404F-E93E-4141-8DCC-BD6071154236}.Release|x86.Build.0 = Release|Any CPU
		{0006E64F-6987-44E6-845C-ED3977913AF9}.Debug|Any CPU.ActiveCfg = Debug|Any CPU
		{0006E64F-6987-44E6-845C-ED3977913AF9}.Debug|Any CPU.Build.0 = Debug|Any CPU
		{0006E64F-6987-44E6-845C-ED3977913AF9}.Debug|x64.ActiveCfg = Debug|Any CPU
		{0006E64F-6987-44E6-845C-ED3977913AF9}.Debug|x64.Build.0 = Debug|Any CPU
		{0006E64F-6987-44E6-845C-ED3977913AF9}.Debug|x86.ActiveCfg = Debug|Any CPU
		{0006E64F-6987-44E6-845C-ED3977913AF9}.Debug|x86.Build.0 = Debug|Any CPU
		{0006E64F-6987-44E6-845C-ED3977913AF9}.Release|Any CPU.ActiveCfg = Release|Any CPU
		{0006E64F-6987-44E6-845C-ED3977913AF9}.Release|Any CPU.Build.0 = Release|Any CPU
		{0006E64F-6987-44E6-845C-ED3977913AF9}.Release|x64.ActiveCfg = Release|Any CPU
		{0006E64F-6987-44E6-845C-ED3977913AF9}.Release|x64.Build.0 = Release|Any CPU
		{0006E64F-6987-44E6-845C-ED3977913AF9}.Release|x86.ActiveCfg = Release|Any CPU
		{0006E64F-6987-44E6-845C-ED3977913AF9}.Release|x86.Build.0 = Release|Any CPU
		{9CC56F9C-3CBB-478E-A9CA-79C6F059DD32}.Debug|Any CPU.ActiveCfg = Debug|Any CPU
		{9CC56F9C-3CBB-478E-A9CA-79C6F059DD32}.Debug|Any CPU.Build.0 = Debug|Any CPU
		{9CC56F9C-3CBB-478E-A9CA-79C6F059DD32}.Debug|x64.ActiveCfg = Debug|Any CPU
		{9CC56F9C-3CBB-478E-A9CA-79C6F059DD32}.Debug|x64.Build.0 = Debug|Any CPU
		{9CC56F9C-3CBB-478E-A9CA-79C6F059DD32}.Debug|x86.ActiveCfg = Debug|Any CPU
		{9CC56F9C-3CBB-478E-A9CA-79C6F059DD32}.Debug|x86.Build.0 = Debug|Any CPU
		{9CC56F9C-3CBB-478E-A9CA-79C6F059DD32}.Release|Any CPU.ActiveCfg = Release|Any CPU
		{9CC56F9C-3CBB-478E-A9CA-79C6F059DD32}.Release|Any CPU.Build.0 = Release|Any CPU
		{9CC56F9C-3CBB-478E-A9CA-79C6F059DD32}.Release|x64.ActiveCfg = Release|Any CPU
		{9CC56F9C-3CBB-478E-A9CA-79C6F059DD32}.Release|x64.Build.0 = Release|Any CPU
		{9CC56F9C-3CBB-478E-A9CA-79C6F059DD32}.Release|x86.ActiveCfg = Release|Any CPU
		{9CC56F9C-3CBB-478E-A9CA-79C6F059DD32}.Release|x86.Build.0 = Release|Any CPU
		{97F2ABFD-3D85-448E-8653-E87A782EBF7B}.Debug|Any CPU.ActiveCfg = Debug|Any CPU
		{97F2ABFD-3D85-448E-8653-E87A782EBF7B}.Debug|Any CPU.Build.0 = Debug|Any CPU
		{97F2ABFD-3D85-448E-8653-E87A782EBF7B}.Debug|x64.ActiveCfg = Debug|Any CPU
		{97F2ABFD-3D85-448E-8653-E87A782EBF7B}.Debug|x64.Build.0 = Debug|Any CPU
		{97F2ABFD-3D85-448E-8653-E87A782EBF7B}.Debug|x86.ActiveCfg = Debug|Any CPU
		{97F2ABFD-3D85-448E-8653-E87A782EBF7B}.Debug|x86.Build.0 = Debug|Any CPU
		{97F2ABFD-3D85-448E-8653-E87A782EBF7B}.Release|Any CPU.ActiveCfg = Release|Any CPU
		{97F2ABFD-3D85-448E-8653-E87A782EBF7B}.Release|Any CPU.Build.0 = Release|Any CPU
		{97F2ABFD-3D85-448E-8653-E87A782EBF7B}.Release|x64.ActiveCfg = Release|Any CPU
		{97F2ABFD-3D85-448E-8653-E87A782EBF7B}.Release|x64.Build.0 = Release|Any CPU
		{97F2ABFD-3D85-448E-8653-E87A782EBF7B}.Release|x86.ActiveCfg = Release|Any CPU
		{97F2ABFD-3D85-448E-8653-E87A782EBF7B}.Release|x86.Build.0 = Release|Any CPU
		{AB8A199D-8D9A-46E6-B7CF-DF42DBF7B347}.Debug|Any CPU.ActiveCfg = Debug|Any CPU
		{AB8A199D-8D9A-46E6-B7CF-DF42DBF7B347}.Debug|Any CPU.Build.0 = Debug|Any CPU
		{AB8A199D-8D9A-46E6-B7CF-DF42DBF7B347}.Debug|x64.ActiveCfg = Debug|Any CPU
		{AB8A199D-8D9A-46E6-B7CF-DF42DBF7B347}.Debug|x64.Build.0 = Debug|Any CPU
		{AB8A199D-8D9A-46E6-B7CF-DF42DBF7B347}.Debug|x86.ActiveCfg = Debug|Any CPU
		{AB8A199D-8D9A-46E6-B7CF-DF42DBF7B347}.Debug|x86.Build.0 = Debug|Any CPU
		{AB8A199D-8D9A-46E6-B7CF-DF42DBF7B347}.Release|Any CPU.ActiveCfg = Release|Any CPU
		{AB8A199D-8D9A-46E6-B7CF-DF42DBF7B347}.Release|Any CPU.Build.0 = Release|Any CPU
		{AB8A199D-8D9A-46E6-B7CF-DF42DBF7B347}.Release|x64.ActiveCfg = Release|Any CPU
		{AB8A199D-8D9A-46E6-B7CF-DF42DBF7B347}.Release|x64.Build.0 = Release|Any CPU
		{AB8A199D-8D9A-46E6-B7CF-DF42DBF7B347}.Release|x86.ActiveCfg = Release|Any CPU
		{AB8A199D-8D9A-46E6-B7CF-DF42DBF7B347}.Release|x86.Build.0 = Release|Any CPU
		{4932E2ED-374B-4A7E-B195-2D89793EDF01}.Debug|Any CPU.ActiveCfg = Debug|Any CPU
		{4932E2ED-374B-4A7E-B195-2D89793EDF01}.Debug|Any CPU.Build.0 = Debug|Any CPU
		{4932E2ED-374B-4A7E-B195-2D89793EDF01}.Debug|x64.ActiveCfg = Debug|Any CPU
		{4932E2ED-374B-4A7E-B195-2D89793EDF01}.Debug|x64.Build.0 = Debug|Any CPU
		{4932E2ED-374B-4A7E-B195-2D89793EDF01}.Debug|x86.ActiveCfg = Debug|Any CPU
		{4932E2ED-374B-4A7E-B195-2D89793EDF01}.Debug|x86.Build.0 = Debug|Any CPU
		{4932E2ED-374B-4A7E-B195-2D89793EDF01}.Release|Any CPU.ActiveCfg = Release|Any CPU
		{4932E2ED-374B-4A7E-B195-2D89793EDF01}.Release|Any CPU.Build.0 = Release|Any CPU
		{4932E2ED-374B-4A7E-B195-2D89793EDF01}.Release|x64.ActiveCfg = Release|Any CPU
		{4932E2ED-374B-4A7E-B195-2D89793EDF01}.Release|x64.Build.0 = Release|Any CPU
		{4932E2ED-374B-4A7E-B195-2D89793EDF01}.Release|x86.ActiveCfg = Release|Any CPU
		{4932E2ED-374B-4A7E-B195-2D89793EDF01}.Release|x86.Build.0 = Release|Any CPU
		{531A859C-3802-4950-91DB-181036464C38}.Debug|Any CPU.ActiveCfg = Debug|Any CPU
		{531A859C-3802-4950-91DB-181036464C38}.Debug|Any CPU.Build.0 = Debug|Any CPU
		{531A859C-3802-4950-91DB-181036464C38}.Debug|x64.ActiveCfg = Debug|Any CPU
		{531A859C-3802-4950-91DB-181036464C38}.Debug|x64.Build.0 = Debug|Any CPU
		{531A859C-3802-4950-91DB-181036464C38}.Debug|x86.ActiveCfg = Debug|Any CPU
		{531A859C-3802-4950-91DB-181036464C38}.Debug|x86.Build.0 = Debug|Any CPU
		{531A859C-3802-4950-91DB-181036464C38}.Release|Any CPU.ActiveCfg = Release|Any CPU
		{531A859C-3802-4950-91DB-181036464C38}.Release|Any CPU.Build.0 = Release|Any CPU
		{531A859C-3802-4950-91DB-181036464C38}.Release|x64.ActiveCfg = Release|Any CPU
		{531A859C-3802-4950-91DB-181036464C38}.Release|x64.Build.0 = Release|Any CPU
		{531A859C-3802-4950-91DB-181036464C38}.Release|x86.ActiveCfg = Release|Any CPU
		{531A859C-3802-4950-91DB-181036464C38}.Release|x86.Build.0 = Release|Any CPU
		{A9FFA851-074E-4B11-BC23-D74085DDA4F7}.Debug|Any CPU.ActiveCfg = Debug|Any CPU
		{A9FFA851-074E-4B11-BC23-D74085DDA4F7}.Debug|Any CPU.Build.0 = Debug|Any CPU
		{A9FFA851-074E-4B11-BC23-D74085DDA4F7}.Debug|x64.ActiveCfg = Debug|Any CPU
		{A9FFA851-074E-4B11-BC23-D74085DDA4F7}.Debug|x64.Build.0 = Debug|Any CPU
		{A9FFA851-074E-4B11-BC23-D74085DDA4F7}.Debug|x86.ActiveCfg = Debug|Any CPU
		{A9FFA851-074E-4B11-BC23-D74085DDA4F7}.Debug|x86.Build.0 = Debug|Any CPU
		{A9FFA851-074E-4B11-BC23-D74085DDA4F7}.Release|Any CPU.ActiveCfg = Release|Any CPU
		{A9FFA851-074E-4B11-BC23-D74085DDA4F7}.Release|Any CPU.Build.0 = Release|Any CPU
		{A9FFA851-074E-4B11-BC23-D74085DDA4F7}.Release|x64.ActiveCfg = Release|Any CPU
		{A9FFA851-074E-4B11-BC23-D74085DDA4F7}.Release|x64.Build.0 = Release|Any CPU
		{A9FFA851-074E-4B11-BC23-D74085DDA4F7}.Release|x86.ActiveCfg = Release|Any CPU
		{A9FFA851-074E-4B11-BC23-D74085DDA4F7}.Release|x86.Build.0 = Release|Any CPU
		{629B5151-9936-4738-84E6-496FB5CB7542}.Debug|Any CPU.ActiveCfg = Debug|Any CPU
		{629B5151-9936-4738-84E6-496FB5CB7542}.Debug|Any CPU.Build.0 = Debug|Any CPU
		{629B5151-9936-4738-84E6-496FB5CB7542}.Debug|x64.ActiveCfg = Debug|Any CPU
		{629B5151-9936-4738-84E6-496FB5CB7542}.Debug|x64.Build.0 = Debug|Any CPU
		{629B5151-9936-4738-84E6-496FB5CB7542}.Debug|x86.ActiveCfg = Debug|Any CPU
		{629B5151-9936-4738-84E6-496FB5CB7542}.Debug|x86.Build.0 = Debug|Any CPU
		{629B5151-9936-4738-84E6-496FB5CB7542}.Release|Any CPU.ActiveCfg = Release|Any CPU
		{629B5151-9936-4738-84E6-496FB5CB7542}.Release|Any CPU.Build.0 = Release|Any CPU
		{629B5151-9936-4738-84E6-496FB5CB7542}.Release|x64.ActiveCfg = Release|Any CPU
		{629B5151-9936-4738-84E6-496FB5CB7542}.Release|x64.Build.0 = Release|Any CPU
		{629B5151-9936-4738-84E6-496FB5CB7542}.Release|x86.ActiveCfg = Release|Any CPU
		{629B5151-9936-4738-84E6-496FB5CB7542}.Release|x86.Build.0 = Release|Any CPU
		{91770899-F121-404C-B69C-B1CD59044D5F}.Debug|Any CPU.ActiveCfg = Debug|Any CPU
		{91770899-F121-404C-B69C-B1CD59044D5F}.Debug|Any CPU.Build.0 = Debug|Any CPU
		{91770899-F121-404C-B69C-B1CD59044D5F}.Debug|x64.ActiveCfg = Debug|Any CPU
		{91770899-F121-404C-B69C-B1CD59044D5F}.Debug|x64.Build.0 = Debug|Any CPU
		{91770899-F121-404C-B69C-B1CD59044D5F}.Debug|x86.ActiveCfg = Debug|Any CPU
		{91770899-F121-404C-B69C-B1CD59044D5F}.Debug|x86.Build.0 = Debug|Any CPU
		{91770899-F121-404C-B69C-B1CD59044D5F}.Release|Any CPU.ActiveCfg = Release|Any CPU
		{91770899-F121-404C-B69C-B1CD59044D5F}.Release|Any CPU.Build.0 = Release|Any CPU
		{91770899-F121-404C-B69C-B1CD59044D5F}.Release|x64.ActiveCfg = Release|Any CPU
		{91770899-F121-404C-B69C-B1CD59044D5F}.Release|x64.Build.0 = Release|Any CPU
		{91770899-F121-404C-B69C-B1CD59044D5F}.Release|x86.ActiveCfg = Release|Any CPU
		{91770899-F121-404C-B69C-B1CD59044D5F}.Release|x86.Build.0 = Release|Any CPU
	EndGlobalSection
EndGlobal
